
Microsoft Visual Studio Solution File, Format Version 12.00
# Visual Studio 15
VisualStudioVersion = 15.0.27130.2003
MinimumVisualStudioVersion = 10.0.40219.1
Project("{8BC9CEB8-8B4A-11D0-8D11-00A0C91BC942}") = "hddwincmd", "hddwincmd\hddwincmd.vcxproj", "{FD401BB1-D74C-43C5-9C64-1DA37DDBAF04}"
EndProject
Global
	GlobalSection(SolutionConfigurationPlatforms) = preSolution
		Debug|x64 = Debug|x64
		Debug|x86 = Debug|x86
		Release|x64 = Release|x64
		Release|x86 = Release|x86
	EndGlobalSection
	GlobalSection(ProjectConfigurationPlatforms) = postSolution
		{FD401BB1-D74C-43C5-9C64-1DA37DDBAF04}.Debug|x64.ActiveCfg = Debug|x64
		{FD401BB1-D74C-43C5-9C64-1DA37DDBAF04}.Debug|x64.Build.0 = Debug|x64
		{FD401BB1-D74C-43C5-9C64-1DA37DDBAF04}.Debug|x86.ActiveCfg = Debug|Win32
		{FD401BB1-D74C-43C5-9C64-1DA37DDBAF04}.Debug|x86.Build.0 = Debug|Win32
		{FD401BB1-D74C-43C5-9C64-1DA37DDBAF04}.Release|x64.ActiveCfg = Release|x64
		{FD401BB1-D74C-43C5-9C64-1DA37DDBAF04}.Release|x64.Build.0 = Release|x64
		{FD401BB1-D74C-43C5-9C64-1DA37DDBAF04}.Release|x86.ActiveCfg = Release|Win32
		{FD401BB1-D74C-43C5-9C64-1DA37DDBAF04}.Release|x86.Build.0 = Release|Win32
	EndGlobalSection
	GlobalSection(SolutionProperties) = preSolution
		HideSolutionNode = FALSE
	EndGlobalSection
	GlobalSection(ExtensibilityGlobals) = postSolution
		SolutionGuid = {2F2D668B-85ED-4061-9891-446839D25F4B}
	EndGlobalSection
EndGlobal
